{
  "version": 4,
  "terraform_version": "1.13.4",
  "serial": 2,
  "lineage": "3a8de22d-f259-2e53-e415-c35c7d9a5f96",
  "outputs": {
    "api_key": {
      "value": "foo",
      "type": "string",
      "sensitive": true
    },
    "application_name": {
      "value": "sample",
      "type": "string"
    },
    "enable_logging": {
      "value": true,
      "type": "bool"
    },
    "environment": {
      "value": "sample_dev_xr4lr6",
      "type": "string"
    },
    "instance_count": {
      "value": 2,
      "type": "number"
    },
    "name": {
      "value": "xr4lr6",
      "type": "string"
    },
    "primary_region": {
      "value": "eastus",
      "type": "string"
    },
    "primary_region_instance_count": {
      "value": "4",
      "type": "string"
    },
    "sku_settings_kind": {
      "value": "StorageV2",
      "type": "string"
    }
  },
  "resources": [
    {
      "mode": "managed",
      "type": "random_string",
      "name": "name",
      "provider": "provider[\"registry.terraform.io/hashicorp/random\"]",
      "instances": [
        {
          "schema_version": 2,
          "attributes": {
            "id": "xr4lr6",
            "keepers": null,
            "length": 6,
            "lower": true,
            "min_lower": 0,
            "min_numeric": 0,
            "min_special": 0,
            "min_upper": 0,
            "number": true,
            "numeric": true,
            "override_special": null,
            "result": "xr4lr6",
            "special": false,
            "upper": false
          },
          "sensitive_attributes": [],
          "identity_schema_version": 0
        }
      ]
    }
  ],
  "check_results": [
    {
      "object_kind": "var",
      "config_addr": "var.instance_count",
      "status": "pass",
      "objects": [
        {
          "object_addr": "var.instance_count",
          "status": "pass"
        }
      ]
    },
    {
      "object_kind": "var",
      "config_addr": "var.application_name",
      "status": "pass",
      "objects": [
        {
          "object_addr": "var.application_name",
          "status": "pass"
        }
      ]
    }
  ]
}
