{
  "version": 4,
  "terraform_version": "1.13.4",
  "serial": 22,
  "lineage": "f542fc29-6aca-a654-bb4d-c03289a2e91b",
  "outputs": {
    "api_key": {
      "value": "foo",
      "type": "string",
      "sensitive": true
    },
    "application_name": {
      "value": "sample",
      "type": "string"
    },
    "enable_logging": {
      "value": true,
      "type": "bool"
    },
    "environment": {
      "value": "sample_dev_l1w7lu",
      "type": "string"
    },
    "instance_count": {
      "value": 1,
      "type": "number"
    },
    "name": {
      "value": "l1w7lu",
      "type": "string"
    },
    "primary_region": {
      "value": "eastus",
      "type": "string"
    },
    "primary_region_instance_count": {
      "value": "4",
      "type": "string"
    },
    "sku_settings": {
      "value": "StorageV2",
      "type": "string"
    }
  },
  "resources": [
    {
      "mode": "managed",
      "type": "random_string",
      "name": "name",
      "provider": "provider[\"registry.terraform.io/hashicorp/random\"]",
      "instances": [
        {
          "schema_version": 2,
          "attributes": {
            "id": "l1w7lu",
            "keepers": null,
            "length": 6,
            "lower": true,
            "min_lower": 0,
            "min_numeric": 0,
            "min_special": 0,
            "min_upper": 0,
            "number": true,
            "numeric": true,
            "override_special": null,
            "result": "l1w7lu",
            "special": false,
            "upper": false
          },
          "sensitive_attributes": [],
          "identity_schema_version": 0
        }
      ]
    }
  ],
  "check_results": null
}
